
Microsoft Visual Studio Solution File, Format Version 12.00
# Visual Studio Version 16
VisualStudioVersion = 16.0.30804.86
MinimumVisualStudioVersion = 10.0.40219.1
Project("{8BC9CEB8-8B4A-11D0-8D11-00A0C91BC942}") = "Skul", "Skul.vcxproj", "{07216382-17A6-4696-B054-7E01D73D2432}"
EndProject
Global
	GlobalSection(SolutionConfigurationPlatforms) = preSolution
		Debug|x64 = Debug|x64
		Debug|x86 = Debug|x86
		Release|x64 = Release|x64
		Release|x86 = Release|x86
	EndGlobalSection
	GlobalSection(ProjectConfigurationPlatforms) = postSolution
		{07216382-17A6-4696-B054-7E01D73D2432}.Debug|x64.ActiveCfg = Debug|x64
		{07216382-17A6-4696-B054-7E01D73D2432}.Debug|x64.Build.0 = Debug|x64
		{07216382-17A6-4696-B054-7E01D73D2432}.Debug|x86.ActiveCfg = Debug|Win32
		{07216382-17A6-4696-B054-7E01D73D2432}.Debug|x86.Build.0 = Debug|Win32
		{07216382-17A6-4696-B054-7E01D73D2432}.Release|x64.ActiveCfg = Release|x64
		{07216382-17A6-4696-B054-7E01D73D2432}.Release|x64.Build.0 = Release|x64
		{07216382-17A6-4696-B054-7E01D73D2432}.Release|x86.ActiveCfg = Release|Win32
		{07216382-17A6-4696-B054-7E01D73D2432}.Release|x86.Build.0 = Release|Win32
	EndGlobalSection
	GlobalSection(SolutionProperties) = preSolution
		HideSolutionNode = FALSE
	EndGlobalSection
	GlobalSection(ExtensibilityGlobals) = postSolution
		SolutionGuid = {A252572C-5217-482E-82EE-0FC0DF0812C5}
	EndGlobalSection
EndGlobal
